
Microsoft Visual Studio Solution File, Format Version 12.00
# Visual Studio 15
VisualStudioVersion = 15.0.28307.421
MinimumVisualStudioVersion = 10.0.40219.1
Project("{FAE04EC0-301F-11D3-BF4B-00C04F79EFBC}") = "CalculatingAveragesEx2", "CalculatingAveragesEx2\CalculatingAveragesEx2.csproj", "{45FF5547-9C6A-4417-92A4-C90EC6A11F42}"
EndProject
Global
	GlobalSection(SolutionConfigurationPlatforms) = preSolution
		Debug|Any CPU = Debug|Any CPU
		Release|Any CPU = Release|Any CPU
	EndGlobalSection
	GlobalSection(ProjectConfigurationPlatforms) = postSolution
		{45FF5547-9C6A-4417-92A4-C90EC6A11F42}.Debug|Any CPU.ActiveCfg = Debug|Any CPU
		{45FF5547-9C6A-4417-92A4-C90EC6A11F42}.Debug|Any CPU.Build.0 = Debug|Any CPU
		{45FF5547-9C6A-4417-92A4-C90EC6A11F42}.Release|Any CPU.ActiveCfg = Release|Any CPU
		{45FF5547-9C6A-4417-92A4-C90EC6A11F42}.Release|Any CPU.Build.0 = Release|Any CPU
	EndGlobalSection
	GlobalSection(SolutionProperties) = preSolution
		HideSolutionNode = FALSE
	EndGlobalSection
	GlobalSection(ExtensibilityGlobals) = postSolution
		SolutionGuid = {DAD3EBD8-2DAA-4BE5-AC96-99B699CA8294}
	EndGlobalSection
EndGlobal
